// !$*UTF8*$!
{
	archiveVersion = 1;
	classes = {
	};
	objectVersion = 77;
	objects = {

/* Begin PBXBuildFile section */
		1225CBCF945943CB353FEA6A /* AppModel.swift in Sources */ = {isa = PBXBuildFile; fileRef = 3F9787760040DB1F4DCA4647 /* AppModel.swift */; };
		33B97995462AC7ED8652BF21 /* SimpleEQApp.swift in Sources */ = {isa = PBXBuildFile; fileRef = 03C6B12AB24EC06B24402560 /* SimpleEQApp.swift */; };
		4102BA8207BD5E7379B633DF /* Assets.xcassets in Resources */ = {isa = PBXBuildFile; fileRef = 09D47B16DE6138CE94E69199 /* Assets.xcassets */; };
		42169B7D982D027ADC9B7E9A /* PlaybackUnit.swift in Sources */ = {isa = PBXBuildFile; fileRef = 223072DBE3D80403265A5B92 /* PlaybackUnit.swift */; };
		91F48116829FAB1F15983C5A /* AudioDevice.swift in Sources */ = {isa = PBXBuildFile; fileRef = 95D0E5025A87E138F233A4AC /* AudioDevice.swift */; };
		A6367E953571A265D7F1626E /* CircularBuffer.swift in Sources */ = {isa = PBXBuildFile; fileRef = 1DC80E8A8B7F76FF54A2B0FA /* CircularBuffer.swift */; };
		AAAE18993B8A50CC7DB3539C /* Theme.swift in Sources */ = {isa = PBXBuildFile; fileRef = 99A1ECA37AA5C20B55B9C739 /* Theme.swift */; };
		D42A79D7AC5C6C0AA5128EF5 /* Equalizer.swift in Sources */ = {isa = PBXBuildFile; fileRef = A54025425B1035E6A83212CB /* Equalizer.swift */; };
		FCC2D9054C337065782EC610 /* Engine.swift in Sources */ = {isa = PBXBuildFile; fileRef = 2D2F27BAF18A51D26337F288 /* Engine.swift */; };
		FEB092D318E5E7EEA4813F96 /* ContentView.swift in Sources */ = {isa = PBXBuildFile; fileRef = 17C00BBAF7E3C63009D60382 /* ContentView.swift */; };
/* End PBXBuildFile section */

/* Begin PBXFileReference section */
		03C6B12AB24EC06B24402560 /* SimpleEQApp.swift */ = {isa = PBXFileReference; lastKnownFileType = sourcecode.swift; path = SimpleEQApp.swift; sourceTree = "<group>"; };
		09D47B16DE6138CE94E69199 /* Assets.xcassets */ = {isa = PBXFileReference; lastKnownFileType = folder.assetcatalog; path = Assets.xcassets; sourceTree = "<group>"; };
		17C00BBAF7E3C63009D60382 /* ContentView.swift */ = {isa = PBXFileReference; lastKnownFileType = sourcecode.swift; path = ContentView.swift; sourceTree = "<group>"; };
		1DC80E8A8B7F76FF54A2B0FA /* CircularBuffer.swift */ = {isa = PBXFileReference; lastKnownFileType = sourcecode.swift; path = CircularBuffer.swift; sourceTree = "<group>"; };
		223072DBE3D80403265A5B92 /* PlaybackUnit.swift */ = {isa = PBXFileReference; lastKnownFileType = sourcecode.swift; path = PlaybackUnit.swift; sourceTree = "<group>"; };
		2D2F27BAF18A51D26337F288 /* Engine.swift */ = {isa = PBXFileReference; lastKnownFileType = sourcecode.swift; path = Engine.swift; sourceTree = "<group>"; };
		3F9787760040DB1F4DCA4647 /* AppModel.swift */ = {isa = PBXFileReference; lastKnownFileType = sourcecode.swift; path = AppModel.swift; sourceTree = "<group>"; };
		528882034A9C2F799E05C40A /* SimpleEQ.app */ = {isa = PBXFileReference; explicitFileType = wrapper.application; includeInIndex = 0; path = SimpleEQ.app; sourceTree = BUILT_PRODUCTS_DIR; };
		570A1E1C8C38873E3A796F94 /* SimpleEQ.entitlements */ = {isa = PBXFileReference; lastKnownFileType = text.plist.entitlements; path = SimpleEQ.entitlements; sourceTree = "<group>"; };
		9240E7F1221E8563F358C6F8 /* Info.plist */ = {isa = PBXFileReference; lastKnownFileType = text.plist; path = Info.plist; sourceTree = "<group>"; };
		95D0E5025A87E138F233A4AC /* AudioDevice.swift */ = {isa = PBXFileReference; lastKnownFileType = sourcecode.swift; path = AudioDevice.swift; sourceTree = "<group>"; };
		99A1ECA37AA5C20B55B9C739 /* Theme.swift */ = {isa = PBXFileReference; lastKnownFileType = sourcecode.swift; path = Theme.swift; sourceTree = "<group>"; };
		A54025425B1035E6A83212CB /* Equalizer.swift */ = {isa = PBXFileReference; lastKnownFileType = sourcecode.swift; path = Equalizer.swift; sourceTree = "<group>"; };
/* End PBXFileReference section */

/* Begin PBXGroup section */
		78FC36C2A025050049CDDDBD /* Audio */ = {
			isa = PBXGroup;
			children = (
				95D0E5025A87E138F233A4AC /* AudioDevice.swift */,
				1DC80E8A8B7F76FF54A2B0FA /* CircularBuffer.swift */,
				2D2F27BAF18A51D26337F288 /* Engine.swift */,
				A54025425B1035E6A83212CB /* Equalizer.swift */,
				223072DBE3D80403265A5B92 /* PlaybackUnit.swift */,
			);
			path = Audio;
			sourceTree = "<group>";
		};
		9E9F92C77217638068C0DD46 /* SimpleEQ */ = {
			isa = PBXGroup;
			children = (
				3F9787760040DB1F4DCA4647 /* AppModel.swift */,
				09D47B16DE6138CE94E69199 /* Assets.xcassets */,
				17C00BBAF7E3C63009D60382 /* ContentView.swift */,
				9240E7F1221E8563F358C6F8 /* Info.plist */,
				570A1E1C8C38873E3A796F94 /* SimpleEQ.entitlements */,
				03C6B12AB24EC06B24402560 /* SimpleEQApp.swift */,
				99A1ECA37AA5C20B55B9C739 /* Theme.swift */,
				78FC36C2A025050049CDDDBD /* Audio */,
			);
			path = SimpleEQ;
			sourceTree = "<group>";
		};
		B5F5F559956C7882622964D3 /* Products */ = {
			isa = PBXGroup;
			children = (
				528882034A9C2F799E05C40A /* SimpleEQ.app */,
			);
			name = Products;
			sourceTree = "<group>";
		};
		D0B101CD0F829C1B1E0AD274 = {
			isa = PBXGroup;
			children = (
				9E9F92C77217638068C0DD46 /* SimpleEQ */,
				B5F5F559956C7882622964D3 /* Products */,
			);
			sourceTree = "<group>";
		};
/* End PBXGroup section */

/* Begin PBXNativeTarget section */
		FF1B7F2FE0C345C0DB9CA916 /* SimpleEQ */ = {
			isa = PBXNativeTarget;
			buildConfigurationList = E73D65DD3A9B6999A9B0B99D /* Build configuration list for PBXNativeTarget "SimpleEQ" */;
			buildPhases = (
				C231063B188DE09DE2EC9C39 /* Sources */,
				B02743C4D237E7310A28A814 /* Resources */,
			);
			buildRules = (
			);
			dependencies = (
			);
			name = SimpleEQ;
			packageProductDependencies = (
			);
			productName = SimpleEQ;
			productReference = 528882034A9C2F799E05C40A /* SimpleEQ.app */;
			productType = "com.apple.product-type.application";
		};
/* End PBXNativeTarget section */

/* Begin PBXProject section */
		74C4B43C1409C75064B5E7CD /* Project object */ = {
			isa = PBXProject;
			attributes = {
				BuildIndependentTargetsInParallel = YES;
				LastUpgradeCheck = 1430;
				TargetAttributes = {
					FF1B7F2FE0C345C0DB9CA916 = {
						ProvisioningStyle = Automatic;
					};
				};
			};
			buildConfigurationList = DD3AE52F4C0DDD867E06E9C5 /* Build configuration list for PBXProject "SimpleEQ" */;
			developmentRegion = en;
			hasScannedForEncodings = 0;
			knownRegions = (
				Base,
				en,
			);
			mainGroup = D0B101CD0F829C1B1E0AD274;
			minimizedProjectReferenceProxies = 1;
			preferredProjectObjectVersion = 77;
			productRefGroup = B5F5F559956C7882622964D3 /* Products */;
			projectDirPath = "";
			projectRoot = "";
			targets = (
				FF1B7F2FE0C345C0DB9CA916 /* SimpleEQ */,
			);
		};
/* End PBXProject section */

/* Begin PBXResourcesBuildPhase section */
		B02743C4D237E7310A28A814 /* Resources */ = {
			isa = PBXResourcesBuildPhase;
			buildActionMask = 2147483647;
			files = (
				4102BA8207BD5E7379B633DF /* Assets.xcassets in Resources */,
			);
			runOnlyForDeploymentPostprocessing = 0;
		};
/* End PBXResourcesBuildPhase section */

/* Begin PBXSourcesBuildPhase section */
		C231063B188DE09DE2EC9C39 /* Sources */ = {
			isa = PBXSourcesBuildPhase;
			buildActionMask = 2147483647;
			files = (
				1225CBCF945943CB353FEA6A /* AppModel.swift in Sources */,
				91F48116829FAB1F15983C5A /* AudioDevice.swift in Sources */,
				A6367E953571A265D7F1626E /* CircularBuffer.swift in Sources */,
				FEB092D318E5E7EEA4813F96 /* ContentView.swift in Sources */,
				FCC2D9054C337065782EC610 /* Engine.swift in Sources */,
				D42A79D7AC5C6C0AA5128EF5 /* Equalizer.swift in Sources */,
				42169B7D982D027ADC9B7E9A /* PlaybackUnit.swift in Sources */,
				33B97995462AC7ED8652BF21 /* SimpleEQApp.swift in Sources */,
				AAAE18993B8A50CC7DB3539C /* Theme.swift in Sources */,
			);
			runOnlyForDeploymentPostprocessing = 0;
		};
/* End PBXSourcesBuildPhase section */

/* Begin XCBuildConfiguration section */
		0F215EF8D6835EADA1FC7898 /* Release */ = {
			isa = XCBuildConfiguration;
			buildSettings = {
				ALWAYS_SEARCH_USER_PATHS = NO;
				CLANG_ANALYZER_NONNULL = YES;
				CLANG_ANALYZER_NUMBER_OBJECT_CONVERSION = YES_AGGRESSIVE;
				CLANG_CXX_LANGUAGE_STANDARD = "gnu++14";
				CLANG_CXX_LIBRARY = "libc++";
				CLANG_ENABLE_MODULES = YES;
				CLANG_ENABLE_OBJC_ARC = YES;
				CLANG_ENABLE_OBJC_WEAK = YES;
				CLANG_WARN_BLOCK_CAPTURE_AUTORELEASING = YES;
				CLANG_WARN_BOOL_CONVERSION = YES;
				CLANG_WARN_COMMA = YES;
				CLANG_WARN_CONSTANT_CONVERSION = YES;
				CLANG_WARN_DEPRECATED_OBJC_IMPLEMENTATIONS = YES;
				CLANG_WARN_DIRECT_OBJC_ISA_USAGE = YES_ERROR;
				CLANG_WARN_DOCUMENTATION_COMMENTS = YES;
				CLANG_WARN_EMPTY_BODY = YES;
				CLANG_WARN_ENUM_CONVERSION = YES;
				CLANG_WARN_INFINITE_RECURSION = YES;
				CLANG_WARN_INT_CONVERSION = YES;
				CLANG_WARN_NON_LITERAL_NULL_CONVERSION = YES;
				CLANG_WARN_OBJC_IMPLICIT_RETAIN_SELF = YES;
				CLANG_WARN_OBJC_LITERAL_CONVERSION = YES;
				CLANG_WARN_OBJC_ROOT_CLASS = YES_ERROR;
				CLANG_WARN_QUOTED_INCLUDE_IN_FRAMEWORK_HEADER = YES;
				CLANG_WARN_RANGE_LOOP_ANALYSIS = YES;
				CLANG_WARN_STRICT_PROTOTYPES = YES;
				CLANG_WARN_SUSPICIOUS_MOVE = YES;
				CLANG_WARN_UNGUARDED_AVAILABILITY = YES_AGGRESSIVE;
				CLANG_WARN_UNREACHABLE_CODE = YES;
				CLANG_WARN__DUPLICATE_METHOD_MATCH = YES;
				COPY_PHASE_STRIP = NO;
				DEBUG_INFORMATION_FORMAT = "dwarf-with-dsym";
				ENABLE_NS_ASSERTIONS = NO;
				ENABLE_STRICT_OBJC_MSGSEND = YES;
				GCC_C_LANGUAGE_STANDARD = gnu11;
				GCC_NO_COMMON_BLOCKS = YES;
				GCC_WARN_64_TO_32_BIT_CONVERSION = YES;
				GCC_WARN_ABOUT_RETURN_TYPE = YES_ERROR;
				GCC_WARN_UNDECLARED_SELECTOR = YES;
				GCC_WARN_UNINITIALIZED_AUTOS = YES_AGGRESSIVE;
				GCC_WARN_UNUSED_FUNCTION = YES;
				GCC_WARN_UNUSED_VARIABLE = YES;
				MACOSX_DEPLOYMENT_TARGET = 13.0;
				MTL_ENABLE_DEBUG_INFO = NO;
				MTL_FAST_MATH = YES;
				PRODUCT_NAME = "$(TARGET_NAME)";
				SDKROOT = macosx;
				SWIFT_COMPILATION_MODE = wholemodule;
				SWIFT_OPTIMIZATION_LEVEL = "-O";
				SWIFT_VERSION = 5.9;
			};
			name = Release;
		};
		108328B87A27325DD4C9815E /* Release */ = {
			isa = XCBuildConfiguration;
			buildSettings = {
				ASSETCATALOG_COMPILER_APPICON_NAME = AppIcon;
				CODE_SIGN_ENTITLEMENTS = SimpleEQ/SimpleEQ.entitlements;
				CODE_SIGN_IDENTITY = "-";
				CODE_SIGN_STYLE = Automatic;
				COMBINE_HIDPI_IMAGES = YES;
				CURRENT_PROJECT_VERSION = 1;
				ENABLE_HARDENED_RUNTIME = YES;
				GENERATE_INFOPLIST_FILE = NO;
				INFOPLIST_FILE = SimpleEQ/Info.plist;
				LD_RUNPATH_SEARCH_PATHS = (
					"$(inherited)",
					"@executable_path/../Frameworks",
				);
				MARKETING_VERSION = 0.1.0;
				PRODUCT_BUNDLE_IDENTIFIER = app.simpleeq.SimpleEQ;
				PRODUCT_NAME = SimpleEQ;
				SDKROOT = macosx;
			};
			name = Release;
		};
		2487C06355D4D9D3DD6DAC47 /* Debug */ = {
			isa = XCBuildConfiguration;
			buildSettings = {
				ALWAYS_SEARCH_USER_PATHS = NO;
				CLANG_ANALYZER_NONNULL = YES;
				CLANG_ANALYZER_NUMBER_OBJECT_CONVERSION = YES_AGGRESSIVE;
				CLANG_CXX_LANGUAGE_STANDARD = "gnu++14";
				CLANG_CXX_LIBRARY = "libc++";
				CLANG_ENABLE_MODULES = YES;
				CLANG_ENABLE_OBJC_ARC = YES;
				CLANG_ENABLE_OBJC_WEAK = YES;
				CLANG_WARN_BLOCK_CAPTURE_AUTORELEASING = YES;
				CLANG_WARN_BOOL_CONVERSION = YES;
				CLANG_WARN_COMMA = YES;
				CLANG_WARN_CONSTANT_CONVERSION = YES;
				CLANG_WARN_DEPRECATED_OBJC_IMPLEMENTATIONS = YES;
				CLANG_WARN_DIRECT_OBJC_ISA_USAGE = YES_ERROR;
				CLANG_WARN_DOCUMENTATION_COMMENTS = YES;
				CLANG_WARN_EMPTY_BODY = YES;
				CLANG_WARN_ENUM_CONVERSION = YES;
				CLANG_WARN_INFINITE_RECURSION = YES;
				CLANG_WARN_INT_CONVERSION = YES;
				CLANG_WARN_NON_LITERAL_NULL_CONVERSION = YES;
				CLANG_WARN_OBJC_IMPLICIT_RETAIN_SELF = YES;
				CLANG_WARN_OBJC_LITERAL_CONVERSION = YES;
				CLANG_WARN_OBJC_ROOT_CLASS = YES_ERROR;
				CLANG_WARN_QUOTED_INCLUDE_IN_FRAMEWORK_HEADER = YES;
				CLANG_WARN_RANGE_LOOP_ANALYSIS = YES;
				CLANG_WARN_STRICT_PROTOTYPES = YES;
				CLANG_WARN_SUSPICIOUS_MOVE = YES;
				CLANG_WARN_UNGUARDED_AVAILABILITY = YES_AGGRESSIVE;
				CLANG_WARN_UNREACHABLE_CODE = YES;
				CLANG_WARN__DUPLICATE_METHOD_MATCH = YES;
				COPY_PHASE_STRIP = NO;
				DEBUG_INFORMATION_FORMAT = dwarf;
				ENABLE_STRICT_OBJC_MSGSEND = YES;
				ENABLE_TESTABILITY = YES;
				GCC_C_LANGUAGE_STANDARD = gnu11;
				GCC_DYNAMIC_NO_PIC = NO;
				GCC_NO_COMMON_BLOCKS = YES;
				GCC_OPTIMIZATION_LEVEL = 0;
				GCC_PREPROCESSOR_DEFINITIONS = (
					"$(inherited)",
					"DEBUG=1",
				);
				GCC_WARN_64_TO_32_BIT_CONVERSION = YES;
				GCC_WARN_ABOUT_RETURN_TYPE = YES_ERROR;
				GCC_WARN_UNDECLARED_SELECTOR = YES;
				GCC_WARN_UNINITIALIZED_AUTOS = YES_AGGRESSIVE;
				GCC_WARN_UNUSED_FUNCTION = YES;
				GCC_WARN_UNUSED_VARIABLE = YES;
				MACOSX_DEPLOYMENT_TARGET = 13.0;
				MTL_ENABLE_DEBUG_INFO = INCLUDE_SOURCE;
				MTL_FAST_MATH = YES;
				ONLY_ACTIVE_ARCH = YES;
				PRODUCT_NAME = "$(TARGET_NAME)";
				SDKROOT = macosx;
				SWIFT_ACTIVE_COMPILATION_CONDITIONS = DEBUG;
				SWIFT_OPTIMIZATION_LEVEL = "-Onone";
				SWIFT_VERSION = 5.9;
			};
			name = Debug;
		};
		7BBA491B6205195B7FF32739 /* Debug */ = {
			isa = XCBuildConfiguration;
			buildSettings = {
				ASSETCATALOG_COMPILER_APPICON_NAME = AppIcon;
				CODE_SIGN_ENTITLEMENTS = SimpleEQ/SimpleEQ.entitlements;
				CODE_SIGN_IDENTITY = "-";
				CODE_SIGN_STYLE = Automatic;
				COMBINE_HIDPI_IMAGES = YES;
				CURRENT_PROJECT_VERSION = 1;
				ENABLE_HARDENED_RUNTIME = YES;
				GENERATE_INFOPLIST_FILE = NO;
				INFOPLIST_FILE = SimpleEQ/Info.plist;
				LD_RUNPATH_SEARCH_PATHS = (
					"$(inherited)",
					"@executable_path/../Frameworks",
				);
				MARKETING_VERSION = 0.1.0;
				PRODUCT_BUNDLE_IDENTIFIER = app.simpleeq.SimpleEQ;
				PRODUCT_NAME = SimpleEQ;
				SDKROOT = macosx;
			};
			name = Debug;
		};
/* End XCBuildConfiguration section */

/* Begin XCConfigurationList section */
		DD3AE52F4C0DDD867E06E9C5 /* Build configuration list for PBXProject "SimpleEQ" */ = {
			isa = XCConfigurationList;
			buildConfigurations = (
				2487C06355D4D9D3DD6DAC47 /* Debug */,
				0F215EF8D6835EADA1FC7898 /* Release */,
			);
			defaultConfigurationIsVisible = 0;
			defaultConfigurationName = Debug;
		};
		E73D65DD3A9B6999A9B0B99D /* Build configuration list for PBXNativeTarget "SimpleEQ" */ = {
			isa = XCConfigurationList;
			buildConfigurations = (
				7BBA491B6205195B7FF32739 /* Debug */,
				108328B87A27325DD4C9815E /* Release */,
			);
			defaultConfigurationIsVisible = 0;
			defaultConfigurationName = Debug;
		};
/* End XCConfigurationList section */
	};
	rootObject = 74C4B43C1409C75064B5E7CD /* Project object */;
}
